
Microsoft Visual Studio Solution File, Format Version 11.00
# Visual Studio 2010
# SharpDevelop 5.1
Project("{FAE04EC0-301F-11D3-BF4B-00C04F79EFBC}") = "AnalyzaVety", "AnalyzaVety.csproj", "{68036D44-6424-4450-8927-7A1401067C4E}"
EndProject
Global
	GlobalSection(SolutionConfigurationPlatforms) = preSolution
		Debug|Any CPU = Debug|Any CPU
		Release|Any CPU = Release|Any CPU
	EndGlobalSection
	GlobalSection(ProjectConfigurationPlatforms) = postSolution
		{68036D44-6424-4450-8927-7A1401067C4E}.Debug|Any CPU.ActiveCfg = Debug|Any CPU
		{68036D44-6424-4450-8927-7A1401067C4E}.Debug|Any CPU.Build.0 = Debug|Any CPU
		{68036D44-6424-4450-8927-7A1401067C4E}.Release|Any CPU.ActiveCfg = Release|Any CPU
		{68036D44-6424-4450-8927-7A1401067C4E}.Release|Any CPU.Build.0 = Release|Any CPU
	EndGlobalSection
EndGlobal
